
Microsoft Visual Studio Solution File, Format Version 12.00
# Visual Studio 15
Project("{FAE04EC0-301F-11D3-BF4B-00C04F79EFBC}") = "HappyFightingLandlord", "HappyFightingLandlord.csproj", "{AF353E15-AC44-F865-80A5-55FEA09B1C17}"
EndProject
Global
	GlobalSection(SolutionConfigurationPlatforms) = preSolution
		Debug|Any CPU = Debug|Any CPU
		Release|Any CPU = Release|Any CPU
	EndGlobalSection
	GlobalSection(ProjectConfigurationPlatforms) = postSolution
		{AF353E15-AC44-F865-80A5-55FEA09B1C17}.Debug|Any CPU.ActiveCfg = Debug|Any CPU
		{AF353E15-AC44-F865-80A5-55FEA09B1C17}.Debug|Any CPU.Build.0 = Debug|Any CPU
		{AF353E15-AC44-F865-80A5-55FEA09B1C17}.Release|Any CPU.ActiveCfg = Release|Any CPU
		{AF353E15-AC44-F865-80A5-55FEA09B1C17}.Release|Any CPU.Build.0 = Release|Any CPU
	EndGlobalSection
	GlobalSection(SolutionProperties) = preSolution
		HideSolutionNode = FALSE
	EndGlobalSection
EndGlobal
